
Microsoft Visual Studio Solution File, Format Version 12.00
# Visual Studio 15
VisualStudioVersion = 15.0.27703.2035
MinimumVisualStudioVersion = 10.0.40219.1
Project("{FAE04EC0-301F-11D3-BF4B-00C04F79EFBC}") = "KomodoBarbecue.Data", "KomodoBarbecue.Data\KomodoBarbecue.Data.csproj", "{04140630-D955-4069-9A51-F1D709C8F0A3}"
EndProject
Project("{FAE04EC0-301F-11D3-BF4B-00C04F79EFBC}") = "KomodoBarbecue.Contracts", "KomodoBarbecue.Contracts\KomodoBarbecue.Contracts.csproj", "{F51EAE1A-97D7-45D1-BD66-09FB40B5B6AD}"
EndProject
Project("{FAE04EC0-301F-11D3-BF4B-00C04F79EFBC}") = "KomodoBarbecue.UI", "KomodoBarbecue.UI\KomodoBarbecue.UI.csproj", "{256E8EC9-CD1C-4112-80C0-A69ED29FFF16}"
EndProject
Project("{FAE04EC0-301F-11D3-BF4B-00C04F79EFBC}") = "KomodoBarbecue.UnitTests", "KomodoBarbecue.UnitTests\KomodoBarbecue.UnitTests.csproj", "{3AC8D02D-507F-47B0-9DF0-8F8CB3393C3E}"
EndProject
Project("{FAE04EC0-301F-11D3-BF4B-00C04F79EFBC}") = "KomodoBarbecue.Biz", "KomodoBarbecue.Biz\KomodoBarbecue.Biz.csproj", "{683CB4B6-0CE9-47D3-872B-3DC6310366D3}"
EndProject
Global
	GlobalSection(SolutionConfigurationPlatforms) = preSolution
		Debug|Any CPU = Debug|Any CPU
		Release|Any CPU = Release|Any CPU
	EndGlobalSection
	GlobalSection(ProjectConfigurationPlatforms) = postSolution
		{04140630-D955-4069-9A51-F1D709C8F0A3}.Debug|Any CPU.ActiveCfg = Debug|Any CPU
		{04140630-D955-4069-9A51-F1D709C8F0A3}.Debug|Any CPU.Build.0 = Debug|Any CPU
		{04140630-D955-4069-9A51-F1D709C8F0A3}.Release|Any CPU.ActiveCfg = Release|Any CPU
		{04140630-D955-4069-9A51-F1D709C8F0A3}.Release|Any CPU.Build.0 = Release|Any CPU
		{F51EAE1A-97D7-45D1-BD66-09FB40B5B6AD}.Debug|Any CPU.ActiveCfg = Debug|Any CPU
		{F51EAE1A-97D7-45D1-BD66-09FB40B5B6AD}.Debug|Any CPU.Build.0 = Debug|Any CPU
		{F51EAE1A-97D7-45D1-BD66-09FB40B5B6AD}.Release|Any CPU.ActiveCfg = Release|Any CPU
		{F51EAE1A-97D7-45D1-BD66-09FB40B5B6AD}.Release|Any CPU.Build.0 = Release|Any CPU
		{256E8EC9-CD1C-4112-80C0-A69ED29FFF16}.Debug|Any CPU.ActiveCfg = Debug|Any CPU
		{256E8EC9-CD1C-4112-80C0-A69ED29FFF16}.Debug|Any CPU.Build.0 = Debug|Any CPU
		{256E8EC9-CD1C-4112-80C0-A69ED29FFF16}.Release|Any CPU.ActiveCfg = Release|Any CPU
		{256E8EC9-CD1C-4112-80C0-A69ED29FFF16}.Release|Any CPU.Build.0 = Release|Any CPU
		{3AC8D02D-507F-47B0-9DF0-8F8CB3393C3E}.Debug|Any CPU.ActiveCfg = Debug|Any CPU
		{3AC8D02D-507F-47B0-9DF0-8F8CB3393C3E}.Debug|Any CPU.Build.0 = Debug|Any CPU
		{3AC8D02D-507F-47B0-9DF0-8F8CB3393C3E}.Release|Any CPU.ActiveCfg = Release|Any CPU
		{3AC8D02D-507F-47B0-9DF0-8F8CB3393C3E}.Release|Any CPU.Build.0 = Release|Any CPU
		{683CB4B6-0CE9-47D3-872B-3DC6310366D3}.Debug|Any CPU.ActiveCfg = Debug|Any CPU
		{683CB4B6-0CE9-47D3-872B-3DC6310366D3}.Debug|Any CPU.Build.0 = Debug|Any CPU
		{683CB4B6-0CE9-47D3-872B-3DC6310366D3}.Release|Any CPU.ActiveCfg = Release|Any CPU
		{683CB4B6-0CE9-47D3-872B-3DC6310366D3}.Release|Any CPU.Build.0 = Release|Any CPU
	EndGlobalSection
	GlobalSection(SolutionProperties) = preSolution
		HideSolutionNode = FALSE
	EndGlobalSection
	GlobalSection(ExtensibilityGlobals) = postSolution
		SolutionGuid = {B4ED86C7-930E-4D45-9D4A-F3F2ED3284BD}
	EndGlobalSection
EndGlobal
